// !$*UTF8*$!
{
	archiveVersion = 1;
	classes = {
	};
	objectVersion = 46;
	objects = {

/* Begin PBXBuildFile section */
		B28B99431CD5A5ED00826941 /* AppDelegate.swift in Sources */ = {isa = PBXBuildFile; fileRef = B28B99421CD5A5ED00826941 /* AppDelegate.swift */; };
		B28B99451CD5A5ED00826941 /* ViewController.swift in Sources */ = {isa = PBXBuildFile; fileRef = B28B99441CD5A5ED00826941 /* ViewController.swift */; };
		B28B99481CD5A5ED00826941 /* Main.storyboard in Resources */ = {isa = PBXBuildFile; fileRef = B28B99461CD5A5ED00826941 /* Main.storyboard */; };
		B28B994A1CD5A5ED00826941 /* Assets.xcassets in Resources */ = {isa = PBXBuildFile; fileRef = B28B99491CD5A5ED00826941 /* Assets.xcassets */; };
/* End PBXBuildFile section */

/* Begin PBXFileReference section */
		B28B993F1CD5A5ED00826941 /* DesafioCloudKit.app */ = {isa = PBXFileReference; explicitFileType = wrapper.application; includeInIndex = 0; path = DesafioCloudKit.app; sourceTree = BUILT_PRODUCTS_DIR; };
		B28B99421CD5A5ED00826941 /* AppDelegate.swift */ = {isa = PBXFileReference; lastKnownFileType = sourcecode.swift; path = AppDelegate.swift; sourceTree = "<group>"; };
		B28B99441CD5A5ED00826941 /* ViewController.swift */ = {isa = PBXFileReference; lastKnownFileType = sourcecode.swift; path = ViewController.swift; sourceTree = "<group>"; };
		B28B99471CD5A5ED00826941 /* Base */ = {isa = PBXFileReference; lastKnownFileType = file.storyboard; name = Base; path = Base.lproj/Main.storyboard; sourceTree = "<group>"; };
		B28B99491CD5A5ED00826941 /* Assets.xcassets */ = {isa = PBXFileReference; lastKnownFileType = folder.assetcatalog; path = Assets.xcassets; sourceTree = "<group>"; };
		B28B994B1CD5A5ED00826941 /* Info.plist */ = {isa = PBXFileReference; lastKnownFileType = text.plist.xml; path = Info.plist; sourceTree = "<group>"; };
/* End PBXFileReference section */

/* Begin PBXFrameworksBuildPhase section */
		B28B993C1CD5A5ED00826941 /* Frameworks */ = {
			isa = PBXFrameworksBuildPhase;
			buildActionMask = 2147483647;
			files = (
			);
			runOnlyForDeploymentPostprocessing = 0;
		};
/* End PBXFrameworksBuildPhase section */

/* Begin PBXGroup section */
		B28B99361CD5A5ED00826941 = {
			isa = PBXGroup;
			children = (
				B28B99411CD5A5ED00826941 /* DesafioCloudKit */,
				B28B99401CD5A5ED00826941 /* Products */,
			);
			sourceTree = "<group>";
		};
		B28B99401CD5A5ED00826941 /* Products */ = {
			isa = PBXGroup;
			children = (
				B28B993F1CD5A5ED00826941 /* DesafioCloudKit.app */,
			);
			name = Products;
			sourceTree = "<group>";
		};
		B28B99411CD5A5ED00826941 /* DesafioCloudKit */ = {
			isa = PBXGroup;
			children = (
				B28B99421CD5A5ED00826941 /* AppDelegate.swift */,
				B28B99441CD5A5ED00826941 /* ViewController.swift */,
				B28B99461CD5A5ED00826941 /* Main.storyboard */,
				B28B99491CD5A5ED00826941 /* Assets.xcassets */,
				B28B994B1CD5A5ED00826941 /* Info.plist */,
			);
			path = DesafioCloudKit;
			sourceTree = "<group>";
		};
/* End PBXGroup section */

/* Begin PBXNativeTarget section */
		B28B993E1CD5A5ED00826941 /* DesafioCloudKit */ = {
			isa = PBXNativeTarget;
			buildConfigurationList = B28B994E1CD5A5ED00826941 /* Build configuration list for PBXNativeTarget "DesafioCloudKit" */;
			buildPhases = (
				B28B993B1CD5A5ED00826941 /* Sources */,
				B28B993C1CD5A5ED00826941 /* Frameworks */,
				B28B993D1CD5A5ED00826941 /* Resources */,
			);
			buildRules = (
			);
			dependencies = (
			);
			name = DesafioCloudKit;
			productName = DesafioCloudKit;
			productReference = B28B993F1CD5A5ED00826941 /* DesafioCloudKit.app */;
			productType = "com.apple.product-type.application";
		};
/* End PBXNativeTarget section */

/* Begin PBXProject section */
		B28B99371CD5A5ED00826941 /* Project object */ = {
			isa = PBXProject;
			attributes = {
				LastSwiftUpdateCheck = 0730;
				LastUpgradeCheck = 0730;
				ORGANIZATIONNAME = "Luciano Almeida";
				TargetAttributes = {
					B28B993E1CD5A5ED00826941 = {
						CreatedOnToolsVersion = 7.3;
					};
				};
			};
			buildConfigurationList = B28B993A1CD5A5ED00826941 /* Build configuration list for PBXProject "DesafioCloudKit" */;
			compatibilityVersion = "Xcode 3.2";
			developmentRegion = English;
			hasScannedForEncodings = 0;
			knownRegions = (
				en,
				Base,
			);
			mainGroup = B28B99361CD5A5ED00826941;
			productRefGroup = B28B99401CD5A5ED00826941 /* Products */;
			projectDirPath = "";
			projectRoot = "";
			targets = (
				B28B993E1CD5A5ED00826941 /* DesafioCloudKit */,
			);
		};
/* End PBXProject section */

/* Begin PBXResourcesBuildPhase section */
		B28B993D1CD5A5ED00826941 /* Resources */ = {
			isa = PBXResourcesBuildPhase;
			buildActionMask = 2147483647;
			files = (
				B28B994A1CD5A5ED00826941 /* Assets.xcassets in Resources */,
				B28B99481CD5A5ED00826941 /* Main.storyboard in Resources */,
			);
			runOnlyForDeploymentPostprocessing = 0;
		};
/* End PBXResourcesBuildPhase section */

/* Begin PBXSourcesBuildPhase section */
		B28B993B1CD5A5ED00826941 /* Sources */ = {
			isa = PBXSourcesBuildPhase;
			buildActionMask = 2147483647;
			files = (
				B28B99451CD5A5ED00826941 /* ViewController.swift in Sources */,
				B28B99431CD5A5ED00826941 /* AppDelegate.swift in Sources */,
			);
			runOnlyForDeploymentPostprocessing = 0;
		};
/* End PBXSourcesBuildPhase section */

/* Begin PBXVariantGroup section */
		B28B99461CD5A5ED00826941 /* Main.storyboard */ = {
			isa = PBXVariantGroup;
			children = (
				B28B99471CD5A5ED00826941 /* Base */,
			);
			name = Main.storyboard;
			sourceTree = "<group>";
		};
/* End PBXVariantGroup section */

/* Begin XCBuildConfiguration section */
		B28B994C1CD5A5ED00826941 /* Debug */ = {
			isa = XCBuildConfiguration;
			buildSettings = {
				ALWAYS_SEARCH_USER_PATHS = NO;
				CLANG_ANALYZER_NONNULL = YES;
				CLANG_CXX_LANGUAGE_STANDARD = "gnu++0x";
				CLANG_CXX_LIBRARY = "libc++";
				CLANG_ENABLE_MODULES = YES;
				CLANG_ENABLE_OBJC_ARC = YES;
				CLANG_WARN_BOOL_CONVERSION = YES;
				CLANG_WARN_CONSTANT_CONVERSION = YES;
				CLANG_WARN_DIRECT_OBJC_ISA_USAGE = YES_ERROR;
				CLANG_WARN_EMPTY_BODY = YES;
				CLANG_WARN_ENUM_CONVERSION = YES;
				CLANG_WARN_INT_CONVERSION = YES;
				CLANG_WARN_OBJC_ROOT_CLASS = YES_ERROR;
				CLANG_WARN_UNREACHABLE_CODE = YES;
				CLANG_WARN__DUPLICATE_METHOD_MATCH = YES;
				COPY_PHASE_STRIP = NO;
				DEBUG_INFORMATION_FORMAT = dwarf;
				ENABLE_STRICT_OBJC_MSGSEND = YES;
				ENABLE_TESTABILITY = YES;
				GCC_C_LANGUAGE_STANDARD = gnu99;
				GCC_DYNAMIC_NO_PIC = NO;
				GCC_NO_COMMON_BLOCKS = YES;
				GCC_OPTIMIZATION_LEVEL = 0;
				GCC_PREPROCESSOR_DEFINITIONS = (
					"DEBUG=1",
					"$(inherited)",
				);
				GCC_WARN_64_TO_32_BIT_CONVERSION = YES;
				GCC_WARN_ABOUT_RETURN_TYPE = YES_ERROR;
				GCC_WARN_UNDECLARED_SELECTOR = YES;
				GCC_WARN_UNINITIALIZED_AUTOS = YES_AGGRESSIVE;
				GCC_WARN_UNUSED_FUNCTION = YES;
				GCC_WARN_UNUSED_VARIABLE = YES;
				MTL_ENABLE_DEBUG_INFO = YES;
				ONLY_ACTIVE_ARCH = YES;
				SDKROOT = appletvos;
				SWIFT_OPTIMIZATION_LEVEL = "-Onone";
				TARGETED_DEVICE_FAMILY = 3;
				TVOS_DEPLOYMENT_TARGET = 9.2;
			};
			name = Debug;
		};
		B28B994D1CD5A5ED00826941 /* Release */ = {
			isa = XCBuildConfiguration;
			buildSettings = {
				ALWAYS_SEARCH_USER_PATHS = NO;
				CLANG_ANALYZER_NONNULL = YES;
				CLANG_CXX_LANGUAGE_STANDARD = "gnu++0x";
				CLANG_CXX_LIBRARY = "libc++";
				CLANG_ENABLE_MODULES = YES;
				CLANG_ENABLE_OBJC_ARC = YES;
				CLANG_WARN_BOOL_CONVERSION = YES;
				CLANG_WARN_CONSTANT_CONVERSION = YES;
				CLANG_WARN_DIRECT_OBJC_ISA_USAGE = YES_ERROR;
				CLANG_WARN_EMPTY_BODY = YES;
				CLANG_WARN_ENUM_CONVERSION = YES;
				CLANG_WARN_INT_CONVERSION = YES;
				CLANG_WARN_OBJC_ROOT_CLASS = YES_ERROR;
				CLANG_WARN_UNREACHABLE_CODE = YES;
				CLANG_WARN__DUPLICATE_METHOD_MATCH = YES;
				COPY_PHASE_STRIP = NO;
				DEBUG_INFORMATION_FORMAT = "dwarf-with-dsym";
				ENABLE_NS_ASSERTIONS = NO;
				ENABLE_STRICT_OBJC_MSGSEND = YES;
				GCC_C_LANGUAGE_STANDARD = gnu99;
				GCC_NO_COMMON_BLOCKS = YES;
				GCC_WARN_64_TO_32_BIT_CONVERSION = YES;
				GCC_WARN_ABOUT_RETURN_TYPE = YES_ERROR;
				GCC_WARN_UNDECLARED_SELECTOR = YES;
				GCC_WARN_UNINITIALIZED_AUTOS = YES_AGGRESSIVE;
				GCC_WARN_UNUSED_FUNCTION = YES;
				GCC_WARN_UNUSED_VARIABLE = YES;
				MTL_ENABLE_DEBUG_INFO = NO;
				SDKROOT = appletvos;
				TARGETED_DEVICE_FAMILY = 3;
				TVOS_DEPLOYMENT_TARGET = 9.2;
				VALIDATE_PRODUCT = YES;
			};
			name = Release;
		};
		B28B994F1CD5A5ED00826941 /* Debug */ = {
			isa = XCBuildConfiguration;
			buildSettings = {
				ASSETCATALOG_COMPILER_APPICON_NAME = "App Icon & Top Shelf Image";
				ASSETCATALOG_COMPILER_LAUNCHIMAGE_NAME = LaunchImage;
				INFOPLIST_FILE = DesafioCloudKit/Info.plist;
				LD_RUNPATH_SEARCH_PATHS = "$(inherited) @executable_path/Frameworks";
				PRODUCT_BUNDLE_IDENTIFIER = com.bepid.DesafioCloudKit;
				PRODUCT_NAME = "$(TARGET_NAME)";
			};
			name = Debug;
		};
		B28B99501CD5A5ED00826941 /* Release */ = {
			isa = XCBuildConfiguration;
			buildSettings = {
				ASSETCATALOG_COMPILER_APPICON_NAME = "App Icon & Top Shelf Image";
				ASSETCATALOG_COMPILER_LAUNCHIMAGE_NAME = LaunchImage;
				INFOPLIST_FILE = DesafioCloudKit/Info.plist;
				LD_RUNPATH_SEARCH_PATHS = "$(inherited) @executable_path/Frameworks";
				PRODUCT_BUNDLE_IDENTIFIER = com.bepid.DesafioCloudKit;
				PRODUCT_NAME = "$(TARGET_NAME)";
			};
			name = Release;
		};
/* End XCBuildConfiguration section */

/* Begin XCConfigurationList section */
		B28B993A1CD5A5ED00826941 /* Build configuration list for PBXProject "DesafioCloudKit" */ = {
			isa = XCConfigurationList;
			buildConfigurations = (
				B28B994C1CD5A5ED00826941 /* Debug */,
				B28B994D1CD5A5ED00826941 /* Release */,
			);
			defaultConfigurationIsVisible = 0;
			defaultConfigurationName = Release;
		};
		B28B994E1CD5A5ED00826941 /* Build configuration list for PBXNativeTarget "DesafioCloudKit" */ = {
			isa = XCConfigurationList;
			buildConfigurations = (
				B28B994F1CD5A5ED00826941 /* Debug */,
				B28B99501CD5A5ED00826941 /* Release */,
			);
			defaultConfigurationIsVisible = 0;
		};
/* End XCConfigurationList section */
	};
	rootObject = B28B99371CD5A5ED00826941 /* Project object */;
}
